// !$*UTF8*$!
{
	archiveVersion = 1;
	classes = {
	};
	objectVersion = 56;
	objects = {

/* Begin PBXBuildFile section */
		916164BF2A80FEFF0094E348 /* AppDelegate.swift in Sources */ = {isa = PBXBuildFile; fileRef = 916164BE2A80FEFF0094E348 /* AppDelegate.swift */; };
		916164C12A80FEFF0094E348 /* SceneDelegate.swift in Sources */ = {isa = PBXBuildFile; fileRef = 916164C02A80FEFF0094E348 /* SceneDelegate.swift */; };
		916164C32A80FEFF0094E348 /* ViewController.swift in Sources */ = {isa = PBXBuildFile; fileRef = 916164C22A80FEFF0094E348 /* ViewController.swift */; };
		916164C92A80FEFF0094E348 /* MainActor.xcdatamodeld in Sources */ = {isa = PBXBuildFile; fileRef = 916164C72A80FEFF0094E348 /* MainActor.xcdatamodeld */; };
		916164CB2A80FF000094E348 /* Assets.xcassets in Resources */ = {isa = PBXBuildFile; fileRef = 916164CA2A80FF000094E348 /* Assets.xcassets */; };
		916164D92A80FF000094E348 /* MainActorTests.swift in Sources */ = {isa = PBXBuildFile; fileRef = 916164D82A80FF000094E348 /* MainActorTests.swift */; };
		916164E32A80FF000094E348 /* MainActorUITests.swift in Sources */ = {isa = PBXBuildFile; fileRef = 916164E22A80FF000094E348 /* MainActorUITests.swift */; };
		916164E52A80FF000094E348 /* MainActorUITestsLaunchTests.swift in Sources */ = {isa = PBXBuildFile; fileRef = 916164E42A80FF000094E348 /* MainActorUITestsLaunchTests.swift */; };
		916164F92A8A0C2B0094E348 /* ReminderNotificationManager.swift in Sources */ = {isa = PBXBuildFile; fileRef = 916164F82A8A0C2B0094E348 /* ReminderNotificationManager.swift */; };
/* End PBXBuildFile section */

/* Begin PBXContainerItemProxy section */
		916164D52A80FF000094E348 /* PBXContainerItemProxy */ = {
			isa = PBXContainerItemProxy;
			containerPortal = 916164B32A80FEFF0094E348 /* Project object */;
			proxyType = 1;
			remoteGlobalIDString = 916164BA2A80FEFF0094E348;
			remoteInfo = MainActor;
		};
		916164DF2A80FF000094E348 /* PBXContainerItemProxy */ = {
			isa = PBXContainerItemProxy;
			containerPortal = 916164B32A80FEFF0094E348 /* Project object */;
			proxyType = 1;
			remoteGlobalIDString = 916164BA2A80FEFF0094E348;
			remoteInfo = MainActor;
		};
/* End PBXContainerItemProxy section */

/* Begin PBXFileReference section */
		916164BB2A80FEFF0094E348 /* MainActor.app */ = {isa = PBXFileReference; explicitFileType = wrapper.application; includeInIndex = 0; path = MainActor.app; sourceTree = BUILT_PRODUCTS_DIR; };
		916164BE2A80FEFF0094E348 /* AppDelegate.swift */ = {isa = PBXFileReference; lastKnownFileType = sourcecode.swift; path = AppDelegate.swift; sourceTree = "<group>"; };
		916164C02A80FEFF0094E348 /* SceneDelegate.swift */ = {isa = PBXFileReference; lastKnownFileType = sourcecode.swift; path = SceneDelegate.swift; sourceTree = "<group>"; };
		916164C22A80FEFF0094E348 /* ViewController.swift */ = {isa = PBXFileReference; lastKnownFileType = sourcecode.swift; path = ViewController.swift; sourceTree = "<group>"; };
		916164C82A80FEFF0094E348 /* MainActor.xcdatamodel */ = {isa = PBXFileReference; lastKnownFileType = wrapper.xcdatamodel; path = MainActor.xcdatamodel; sourceTree = "<group>"; };
		916164CA2A80FF000094E348 /* Assets.xcassets */ = {isa = PBXFileReference; lastKnownFileType = folder.assetcatalog; path = Assets.xcassets; sourceTree = "<group>"; };
		916164CF2A80FF000094E348 /* Info.plist */ = {isa = PBXFileReference; lastKnownFileType = text.plist.xml; path = Info.plist; sourceTree = "<group>"; };
		916164D42A80FF000094E348 /* MainActorTests.xctest */ = {isa = PBXFileReference; explicitFileType = wrapper.cfbundle; includeInIndex = 0; path = MainActorTests.xctest; sourceTree = BUILT_PRODUCTS_DIR; };
		916164D82A80FF000094E348 /* MainActorTests.swift */ = {isa = PBXFileReference; lastKnownFileType = sourcecode.swift; path = MainActorTests.swift; sourceTree = "<group>"; };
		916164DE2A80FF000094E348 /* MainActorUITests.xctest */ = {isa = PBXFileReference; explicitFileType = wrapper.cfbundle; includeInIndex = 0; path = MainActorUITests.xctest; sourceTree = BUILT_PRODUCTS_DIR; };
		916164E22A80FF000094E348 /* MainActorUITests.swift */ = {isa = PBXFileReference; lastKnownFileType = sourcecode.swift; path = MainActorUITests.swift; sourceTree = "<group>"; };
		916164E42A80FF000094E348 /* MainActorUITestsLaunchTests.swift */ = {isa = PBXFileReference; lastKnownFileType = sourcecode.swift; path = MainActorUITestsLaunchTests.swift; sourceTree = "<group>"; };
		916164F82A8A0C2B0094E348 /* ReminderNotificationManager.swift */ = {isa = PBXFileReference; lastKnownFileType = sourcecode.swift; path = ReminderNotificationManager.swift; sourceTree = "<group>"; };
		916164FC2A8A2C400094E348 /* MainActor.entitlements */ = {isa = PBXFileReference; lastKnownFileType = text.plist.entitlements; path = MainActor.entitlements; sourceTree = "<group>"; };
/* End PBXFileReference section */

/* Begin PBXFrameworksBuildPhase section */
		916164B82A80FEFF0094E348 /* Frameworks */ = {
			isa = PBXFrameworksBuildPhase;
			buildActionMask = 2147483647;
			files = (
			);
			runOnlyForDeploymentPostprocessing = 0;
		};
		916164D12A80FF000094E348 /* Frameworks */ = {
			isa = PBXFrameworksBuildPhase;
			buildActionMask = 2147483647;
			files = (
			);
			runOnlyForDeploymentPostprocessing = 0;
		};
		916164DB2A80FF000094E348 /* Frameworks */ = {
			isa = PBXFrameworksBuildPhase;
			buildActionMask = 2147483647;
			files = (
			);
			runOnlyForDeploymentPostprocessing = 0;
		};
/* End PBXFrameworksBuildPhase section */

/* Begin PBXGroup section */
		916164B22A80FEFF0094E348 = {
			isa = PBXGroup;
			children = (
				916164BD2A80FEFF0094E348 /* MainActor */,
				916164D72A80FF000094E348 /* MainActorTests */,
				916164E12A80FF000094E348 /* MainActorUITests */,
				916164BC2A80FEFF0094E348 /* Products */,
			);
			sourceTree = "<group>";
		};
		916164BC2A80FEFF0094E348 /* Products */ = {
			isa = PBXGroup;
			children = (
				916164BB2A80FEFF0094E348 /* MainActor.app */,
				916164D42A80FF000094E348 /* MainActorTests.xctest */,
				916164DE2A80FF000094E348 /* MainActorUITests.xctest */,
			);
			name = Products;
			sourceTree = "<group>";
		};
		916164BD2A80FEFF0094E348 /* MainActor */ = {
			isa = PBXGroup;
			children = (
				916164FC2A8A2C400094E348 /* MainActor.entitlements */,
				916164F12A8A0AFD0094E348 /* Features */,
				916164BE2A80FEFF0094E348 /* AppDelegate.swift */,
				916164C02A80FEFF0094E348 /* SceneDelegate.swift */,
				916164C22A80FEFF0094E348 /* ViewController.swift */,
				916164CA2A80FF000094E348 /* Assets.xcassets */,
				916164CF2A80FF000094E348 /* Info.plist */,
				916164C72A80FEFF0094E348 /* MainActor.xcdatamodeld */,
			);
			path = MainActor;
			sourceTree = "<group>";
		};
		916164D72A80FF000094E348 /* MainActorTests */ = {
			isa = PBXGroup;
			children = (
				916164D82A80FF000094E348 /* MainActorTests.swift */,
			);
			path = MainActorTests;
			sourceTree = "<group>";
		};
		916164E12A80FF000094E348 /* MainActorUITests */ = {
			isa = PBXGroup;
			children = (
				916164E22A80FF000094E348 /* MainActorUITests.swift */,
				916164E42A80FF000094E348 /* MainActorUITestsLaunchTests.swift */,
			);
			path = MainActorUITests;
			sourceTree = "<group>";
		};
		916164F12A8A0AFD0094E348 /* Features */ = {
			isa = PBXGroup;
			children = (
				916164F62A8A0B890094E348 /* Notifications */,
				916164F22A8A0B070094E348 /* Transactions */,
			);
			path = Features;
			sourceTree = "<group>";
		};
		916164F22A8A0B070094E348 /* Transactions */ = {
			isa = PBXGroup;
			children = (
				916164F42A8A0B170094E348 /* Data */,
				916164F52A8A0B1F0094E348 /* Domain */,
				916164F32A8A0B100094E348 /* Presentation */,
			);
			path = Transactions;
			sourceTree = "<group>";
		};
		916164F32A8A0B100094E348 /* Presentation */ = {
			isa = PBXGroup;
			children = (
			);
			path = Presentation;
			sourceTree = "<group>";
		};
		916164F42A8A0B170094E348 /* Data */ = {
			isa = PBXGroup;
			children = (
			);
			path = Data;
			sourceTree = "<group>";
		};
		916164F52A8A0B1F0094E348 /* Domain */ = {
			isa = PBXGroup;
			children = (
			);
			path = Domain;
			sourceTree = "<group>";
		};
		916164F62A8A0B890094E348 /* Notifications */ = {
			isa = PBXGroup;
			children = (
				916164F82A8A0C2B0094E348 /* ReminderNotificationManager.swift */,
			);
			path = Notifications;
			sourceTree = "<group>";
		};
/* End PBXGroup section */

/* Begin PBXNativeTarget section */
		916164BA2A80FEFF0094E348 /* MainActor */ = {
			isa = PBXNativeTarget;
			buildConfigurationList = 916164E82A80FF000094E348 /* Build configuration list for PBXNativeTarget "MainActor" */;
			buildPhases = (
				916164B72A80FEFF0094E348 /* Sources */,
				916164B82A80FEFF0094E348 /* Frameworks */,
				916164B92A80FEFF0094E348 /* Resources */,
			);
			buildRules = (
			);
			dependencies = (
			);
			name = MainActor;
			productName = MainActor;
			productReference = 916164BB2A80FEFF0094E348 /* MainActor.app */;
			productType = "com.apple.product-type.application";
		};
		916164D32A80FF000094E348 /* MainActorTests */ = {
			isa = PBXNativeTarget;
			buildConfigurationList = 916164EB2A80FF000094E348 /* Build configuration list for PBXNativeTarget "MainActorTests" */;
			buildPhases = (
				916164D02A80FF000094E348 /* Sources */,
				916164D12A80FF000094E348 /* Frameworks */,
				916164D22A80FF000094E348 /* Resources */,
			);
			buildRules = (
			);
			dependencies = (
				916164D62A80FF000094E348 /* PBXTargetDependency */,
			);
			name = MainActorTests;
			productName = MainActorTests;
			productReference = 916164D42A80FF000094E348 /* MainActorTests.xctest */;
			productType = "com.apple.product-type.bundle.unit-test";
		};
		916164DD2A80FF000094E348 /* MainActorUITests */ = {
			isa = PBXNativeTarget;
			buildConfigurationList = 916164EE2A80FF000094E348 /* Build configuration list for PBXNativeTarget "MainActorUITests" */;
			buildPhases = (
				916164DA2A80FF000094E348 /* Sources */,
				916164DB2A80FF000094E348 /* Frameworks */,
				916164DC2A80FF000094E348 /* Resources */,
			);
			buildRules = (
			);
			dependencies = (
				916164E02A80FF000094E348 /* PBXTargetDependency */,
			);
			name = MainActorUITests;
			productName = MainActorUITests;
			productReference = 916164DE2A80FF000094E348 /* MainActorUITests.xctest */;
			productType = "com.apple.product-type.bundle.ui-testing";
		};
/* End PBXNativeTarget section */

/* Begin PBXProject section */
		916164B32A80FEFF0094E348 /* Project object */ = {
			isa = PBXProject;
			attributes = {
				BuildIndependentTargetsInParallel = 1;
				LastSwiftUpdateCheck = 1430;
				LastUpgradeCheck = 1430;
				TargetAttributes = {
					916164BA2A80FEFF0094E348 = {
						CreatedOnToolsVersion = 14.3;
					};
					916164D32A80FF000094E348 = {
						CreatedOnToolsVersion = 14.3;
						TestTargetID = 916164BA2A80FEFF0094E348;
					};
					916164DD2A80FF000094E348 = {
						CreatedOnToolsVersion = 14.3;
						TestTargetID = 916164BA2A80FEFF0094E348;
					};
				};
			};
			buildConfigurationList = 916164B62A80FEFF0094E348 /* Build configuration list for PBXProject "MainActor" */;
			compatibilityVersion = "Xcode 14.0";
			developmentRegion = en;
			hasScannedForEncodings = 0;
			knownRegions = (
				en,
				Base,
			);
			mainGroup = 916164B22A80FEFF0094E348;
			productRefGroup = 916164BC2A80FEFF0094E348 /* Products */;
			projectDirPath = "";
			projectRoot = "";
			targets = (
				916164BA2A80FEFF0094E348 /* MainActor */,
				916164D32A80FF000094E348 /* MainActorTests */,
				916164DD2A80FF000094E348 /* MainActorUITests */,
			);
		};
/* End PBXProject section */

/* Begin PBXResourcesBuildPhase section */
		916164B92A80FEFF0094E348 /* Resources */ = {
			isa = PBXResourcesBuildPhase;
			buildActionMask = 2147483647;
			files = (
				916164CB2A80FF000094E348 /* Assets.xcassets in Resources */,
			);
			runOnlyForDeploymentPostprocessing = 0;
		};
		916164D22A80FF000094E348 /* Resources */ = {
			isa = PBXResourcesBuildPhase;
			buildActionMask = 2147483647;
			files = (
			);
			runOnlyForDeploymentPostprocessing = 0;
		};
		916164DC2A80FF000094E348 /* Resources */ = {
			isa = PBXResourcesBuildPhase;
			buildActionMask = 2147483647;
			files = (
			);
			runOnlyForDeploymentPostprocessing = 0;
		};
/* End PBXResourcesBuildPhase section */

/* Begin PBXSourcesBuildPhase section */
		916164B72A80FEFF0094E348 /* Sources */ = {
			isa = PBXSourcesBuildPhase;
			buildActionMask = 2147483647;
			files = (
				916164F92A8A0C2B0094E348 /* ReminderNotificationManager.swift in Sources */,
				916164C92A80FEFF0094E348 /* MainActor.xcdatamodeld in Sources */,
				916164C32A80FEFF0094E348 /* ViewController.swift in Sources */,
				916164BF2A80FEFF0094E348 /* AppDelegate.swift in Sources */,
				916164C12A80FEFF0094E348 /* SceneDelegate.swift in Sources */,
			);
			runOnlyForDeploymentPostprocessing = 0;
		};
		916164D02A80FF000094E348 /* Sources */ = {
			isa = PBXSourcesBuildPhase;
			buildActionMask = 2147483647;
			files = (
				916164D92A80FF000094E348 /* MainActorTests.swift in Sources */,
			);
			runOnlyForDeploymentPostprocessing = 0;
		};
		916164DA2A80FF000094E348 /* Sources */ = {
			isa = PBXSourcesBuildPhase;
			buildActionMask = 2147483647;
			files = (
				916164E32A80FF000094E348 /* MainActorUITests.swift in Sources */,
				916164E52A80FF000094E348 /* MainActorUITestsLaunchTests.swift in Sources */,
			);
			runOnlyForDeploymentPostprocessing = 0;
		};
/* End PBXSourcesBuildPhase section */

/* Begin PBXTargetDependency section */
		916164D62A80FF000094E348 /* PBXTargetDependency */ = {
			isa = PBXTargetDependency;
			target = 916164BA2A80FEFF0094E348 /* MainActor */;
			targetProxy = 916164D52A80FF000094E348 /* PBXContainerItemProxy */;
		};
		916164E02A80FF000094E348 /* PBXTargetDependency */ = {
			isa = PBXTargetDependency;
			target = 916164BA2A80FEFF0094E348 /* MainActor */;
			targetProxy = 916164DF2A80FF000094E348 /* PBXContainerItemProxy */;
		};
/* End PBXTargetDependency section */

/* Begin XCBuildConfiguration section */
		916164E62A80FF000094E348 /* Debug */ = {
			isa = XCBuildConfiguration;
			buildSettings = {
				ALWAYS_SEARCH_USER_PATHS = NO;
				CLANG_ANALYZER_NONNULL = YES;
				CLANG_ANALYZER_NUMBER_OBJECT_CONVERSION = YES_AGGRESSIVE;
				CLANG_CXX_LANGUAGE_STANDARD = "gnu++20";
				CLANG_ENABLE_MODULES = YES;
				CLANG_ENABLE_OBJC_ARC = YES;
				CLANG_ENABLE_OBJC_WEAK = YES;
				CLANG_WARN_BLOCK_CAPTURE_AUTORELEASING = YES;
				CLANG_WARN_BOOL_CONVERSION = YES;
				CLANG_WARN_COMMA = YES;
				CLANG_WARN_CONSTANT_CONVERSION = YES;
				CLANG_WARN_DEPRECATED_OBJC_IMPLEMENTATIONS = YES;
				CLANG_WARN_DIRECT_OBJC_ISA_USAGE = YES_ERROR;
				CLANG_WARN_DOCUMENTATION_COMMENTS = YES;
				CLANG_WARN_EMPTY_BODY = YES;
				CLANG_WARN_ENUM_CONVERSION = YES;
				CLANG_WARN_INFINITE_RECURSION = YES;
				CLANG_WARN_INT_CONVERSION = YES;
				CLANG_WARN_NON_LITERAL_NULL_CONVERSION = YES;
				CLANG_WARN_OBJC_IMPLICIT_RETAIN_SELF = YES;
				CLANG_WARN_OBJC_LITERAL_CONVERSION = YES;
				CLANG_WARN_OBJC_ROOT_CLASS = YES_ERROR;
				CLANG_WARN_QUOTED_INCLUDE_IN_FRAMEWORK_HEADER = YES;
				CLANG_WARN_RANGE_LOOP_ANALYSIS = YES;
				CLANG_WARN_STRICT_PROTOTYPES = YES;
				CLANG_WARN_SUSPICIOUS_MOVE = YES;
				CLANG_WARN_UNGUARDED_AVAILABILITY = YES_AGGRESSIVE;
				CLANG_WARN_UNREACHABLE_CODE = YES;
				CLANG_WARN__DUPLICATE_METHOD_MATCH = YES;
				COPY_PHASE_STRIP = NO;
				DEBUG_INFORMATION_FORMAT = dwarf;
				ENABLE_STRICT_OBJC_MSGSEND = YES;
				ENABLE_TESTABILITY = YES;
				GCC_C_LANGUAGE_STANDARD = gnu11;
				GCC_DYNAMIC_NO_PIC = NO;
				GCC_NO_COMMON_BLOCKS = YES;
				GCC_OPTIMIZATION_LEVEL = 0;
				GCC_PREPROCESSOR_DEFINITIONS = (
					"DEBUG=1",
					"$(inherited)",
				);
				GCC_WARN_64_TO_32_BIT_CONVERSION = YES;
				GCC_WARN_ABOUT_RETURN_TYPE = YES_ERROR;
				GCC_WARN_UNDECLARED_SELECTOR = YES;
				GCC_WARN_UNINITIALIZED_AUTOS = YES_AGGRESSIVE;
				GCC_WARN_UNUSED_FUNCTION = YES;
				GCC_WARN_UNUSED_VARIABLE = YES;
				IPHONEOS_DEPLOYMENT_TARGET = 16.4;
				MTL_ENABLE_DEBUG_INFO = INCLUDE_SOURCE;
				MTL_FAST_MATH = YES;
				ONLY_ACTIVE_ARCH = YES;
				SDKROOT = iphoneos;
				SWIFT_ACTIVE_COMPILATION_CONDITIONS = DEBUG;
				SWIFT_OPTIMIZATION_LEVEL = "-Onone";
			};
			name = Debug;
		};
		916164E72A80FF000094E348 /* Release */ = {
			isa = XCBuildConfiguration;
			buildSettings = {
				ALWAYS_SEARCH_USER_PATHS = NO;
				CLANG_ANALYZER_NONNULL = YES;
				CLANG_ANALYZER_NUMBER_OBJECT_CONVERSION = YES_AGGRESSIVE;
				CLANG_CXX_LANGUAGE_STANDARD = "gnu++20";
				CLANG_ENABLE_MODULES = YES;
				CLANG_ENABLE_OBJC_ARC = YES;
				CLANG_ENABLE_OBJC_WEAK = YES;
				CLANG_WARN_BLOCK_CAPTURE_AUTORELEASING = YES;
				CLANG_WARN_BOOL_CONVERSION = YES;
				CLANG_WARN_COMMA = YES;
				CLANG_WARN_CONSTANT_CONVERSION = YES;
				CLANG_WARN_DEPRECATED_OBJC_IMPLEMENTATIONS = YES;
				CLANG_WARN_DIRECT_OBJC_ISA_USAGE = YES_ERROR;
				CLANG_WARN_DOCUMENTATION_COMMENTS = YES;
				CLANG_WARN_EMPTY_BODY = YES;
				CLANG_WARN_ENUM_CONVERSION = YES;
				CLANG_WARN_INFINITE_RECURSION = YES;
				CLANG_WARN_INT_CONVERSION = YES;
				CLANG_WARN_NON_LITERAL_NULL_CONVERSION = YES;
				CLANG_WARN_OBJC_IMPLICIT_RETAIN_SELF = YES;
				CLANG_WARN_OBJC_LITERAL_CONVERSION = YES;
				CLANG_WARN_OBJC_ROOT_CLASS = YES_ERROR;
				CLANG_WARN_QUOTED_INCLUDE_IN_FRAMEWORK_HEADER = YES;
				CLANG_WARN_RANGE_LOOP_ANALYSIS = YES;
				CLANG_WARN_STRICT_PROTOTYPES = YES;
				CLANG_WARN_SUSPICIOUS_MOVE = YES;
				CLANG_WARN_UNGUARDED_AVAILABILITY = YES_AGGRESSIVE;
				CLANG_WARN_UNREACHABLE_CODE = YES;
				CLANG_WARN__DUPLICATE_METHOD_MATCH = YES;
				COPY_PHASE_STRIP = NO;
				DEBUG_INFORMATION_FORMAT = "dwarf-with-dsym";
				ENABLE_NS_ASSERTIONS = NO;
				ENABLE_STRICT_OBJC_MSGSEND = YES;
				GCC_C_LANGUAGE_STANDARD = gnu11;
				GCC_NO_COMMON_BLOCKS = YES;
				GCC_WARN_64_TO_32_BIT_CONVERSION = YES;
				GCC_WARN_ABOUT_RETURN_TYPE = YES_ERROR;
				GCC_WARN_UNDECLARED_SELECTOR = YES;
				GCC_WARN_UNINITIALIZED_AUTOS = YES_AGGRESSIVE;
				GCC_WARN_UNUSED_FUNCTION = YES;
				GCC_WARN_UNUSED_VARIABLE = YES;
				IPHONEOS_DEPLOYMENT_TARGET = 16.4;
				MTL_ENABLE_DEBUG_INFO = NO;
				MTL_FAST_MATH = YES;
				SDKROOT = iphoneos;
				SWIFT_COMPILATION_MODE = wholemodule;
				SWIFT_OPTIMIZATION_LEVEL = "-O";
				VALIDATE_PRODUCT = YES;
			};
			name = Release;
		};
		916164E92A80FF000094E348 /* Debug */ = {
			isa = XCBuildConfiguration;
			buildSettings = {
				ASSETCATALOG_COMPILER_APPICON_NAME = AppIcon;
				ASSETCATALOG_COMPILER_GLOBAL_ACCENT_COLOR_NAME = AccentColor;
				CODE_SIGN_ENTITLEMENTS = MainActor/MainActor.entitlements;
				CODE_SIGN_STYLE = Automatic;
				CURRENT_PROJECT_VERSION = 1;
				DEVELOPMENT_TEAM = XA29694495;
				GENERATE_INFOPLIST_FILE = YES;
				INFOPLIST_FILE = MainActor/Info.plist;
				INFOPLIST_KEY_UIApplicationSupportsIndirectInputEvents = YES;
				INFOPLIST_KEY_UISupportedInterfaceOrientations_iPad = "UIInterfaceOrientationPortrait UIInterfaceOrientationPortraitUpsideDown UIInterfaceOrientationLandscapeLeft UIInterfaceOrientationLandscapeRight";
				INFOPLIST_KEY_UISupportedInterfaceOrientations_iPhone = "UIInterfaceOrientationPortrait UIInterfaceOrientationLandscapeLeft UIInterfaceOrientationLandscapeRight";
				LD_RUNPATH_SEARCH_PATHS = (
					"$(inherited)",
					"@executable_path/Frameworks",
				);
				MARKETING_VERSION = 1.0;
				PRODUCT_BUNDLE_IDENTIFIER = dev.winxen.MainActor;
				PRODUCT_NAME = "$(TARGET_NAME)";
				SWIFT_EMIT_LOC_STRINGS = YES;
				SWIFT_VERSION = 5.0;
				TARGETED_DEVICE_FAMILY = "1,2";
			};
			name = Debug;
		};
		916164EA2A80FF000094E348 /* Release */ = {
			isa = XCBuildConfiguration;
			buildSettings = {
				ASSETCATALOG_COMPILER_APPICON_NAME = AppIcon;
				ASSETCATALOG_COMPILER_GLOBAL_ACCENT_COLOR_NAME = AccentColor;
				CODE_SIGN_ENTITLEMENTS = MainActor/MainActor.entitlements;
				CODE_SIGN_STYLE = Automatic;
				CURRENT_PROJECT_VERSION = 1;
				DEVELOPMENT_TEAM = XA29694495;
				GENERATE_INFOPLIST_FILE = YES;
				INFOPLIST_FILE = MainActor/Info.plist;
				INFOPLIST_KEY_UIApplicationSupportsIndirectInputEvents = YES;
				INFOPLIST_KEY_UISupportedInterfaceOrientations_iPad = "UIInterfaceOrientationPortrait UIInterfaceOrientationPortraitUpsideDown UIInterfaceOrientationLandscapeLeft UIInterfaceOrientationLandscapeRight";
				INFOPLIST_KEY_UISupportedInterfaceOrientations_iPhone = "UIInterfaceOrientationPortrait UIInterfaceOrientationLandscapeLeft UIInterfaceOrientationLandscapeRight";
				LD_RUNPATH_SEARCH_PATHS = (
					"$(inherited)",
					"@executable_path/Frameworks",
				);
				MARKETING_VERSION = 1.0;
				PRODUCT_BUNDLE_IDENTIFIER = dev.winxen.MainActor;
				PRODUCT_NAME = "$(TARGET_NAME)";
				SWIFT_EMIT_LOC_STRINGS = YES;
				SWIFT_VERSION = 5.0;
				TARGETED_DEVICE_FAMILY = "1,2";
			};
			name = Release;
		};
		916164EC2A80FF000094E348 /* Debug */ = {
			isa = XCBuildConfiguration;
			buildSettings = {
				ALWAYS_EMBED_SWIFT_STANDARD_LIBRARIES = YES;
				BUNDLE_LOADER = "$(TEST_HOST)";
				CODE_SIGN_STYLE = Automatic;
				CURRENT_PROJECT_VERSION = 1;
				DEVELOPMENT_TEAM = XA29694495;
				GENERATE_INFOPLIST_FILE = YES;
				IPHONEOS_DEPLOYMENT_TARGET = 16.4;
				MARKETING_VERSION = 1.0;
				PRODUCT_BUNDLE_IDENTIFIER = dev.winxen.MainActorTests;
				PRODUCT_NAME = "$(TARGET_NAME)";
				SWIFT_EMIT_LOC_STRINGS = NO;
				SWIFT_VERSION = 5.0;
				TARGETED_DEVICE_FAMILY = "1,2";
				TEST_HOST = "$(BUILT_PRODUCTS_DIR)/MainActor.app/$(BUNDLE_EXECUTABLE_FOLDER_PATH)/MainActor";
			};
			name = Debug;
		};
		916164ED2A80FF000094E348 /* Release */ = {
			isa = XCBuildConfiguration;
			buildSettings = {
				ALWAYS_EMBED_SWIFT_STANDARD_LIBRARIES = YES;
				BUNDLE_LOADER = "$(TEST_HOST)";
				CODE_SIGN_STYLE = Automatic;
				CURRENT_PROJECT_VERSION = 1;
				DEVELOPMENT_TEAM = XA29694495;
				GENERATE_INFOPLIST_FILE = YES;
				IPHONEOS_DEPLOYMENT_TARGET = 16.4;
				MARKETING_VERSION = 1.0;
				PRODUCT_BUNDLE_IDENTIFIER = dev.winxen.MainActorTests;
				PRODUCT_NAME = "$(TARGET_NAME)";
				SWIFT_EMIT_LOC_STRINGS = NO;
				SWIFT_VERSION = 5.0;
				TARGETED_DEVICE_FAMILY = "1,2";
				TEST_HOST = "$(BUILT_PRODUCTS_DIR)/MainActor.app/$(BUNDLE_EXECUTABLE_FOLDER_PATH)/MainActor";
			};
			name = Release;
		};
		916164EF2A80FF000094E348 /* Debug */ = {
			isa = XCBuildConfiguration;
			buildSettings = {
				ALWAYS_EMBED_SWIFT_STANDARD_LIBRARIES = YES;
				CODE_SIGN_STYLE = Automatic;
				CURRENT_PROJECT_VERSION = 1;
				DEVELOPMENT_TEAM = XA29694495;
				GENERATE_INFOPLIST_FILE = YES;
				MARKETING_VERSION = 1.0;
				PRODUCT_BUNDLE_IDENTIFIER = dev.winxen.MainActorUITests;
				PRODUCT_NAME = "$(TARGET_NAME)";
				SWIFT_EMIT_LOC_STRINGS = NO;
				SWIFT_VERSION = 5.0;
				TARGETED_DEVICE_FAMILY = "1,2";
				TEST_TARGET_NAME = MainActor;
			};
			name = Debug;
		};
		916164F02A80FF000094E348 /* Release */ = {
			isa = XCBuildConfiguration;
			buildSettings = {
				ALWAYS_EMBED_SWIFT_STANDARD_LIBRARIES = YES;
				CODE_SIGN_STYLE = Automatic;
				CURRENT_PROJECT_VERSION = 1;
				DEVELOPMENT_TEAM = XA29694495;
				GENERATE_INFOPLIST_FILE = YES;
				MARKETING_VERSION = 1.0;
				PRODUCT_BUNDLE_IDENTIFIER = dev.winxen.MainActorUITests;
				PRODUCT_NAME = "$(TARGET_NAME)";
				SWIFT_EMIT_LOC_STRINGS = NO;
				SWIFT_VERSION = 5.0;
				TARGETED_DEVICE_FAMILY = "1,2";
				TEST_TARGET_NAME = MainActor;
			};
			name = Release;
		};
/* End XCBuildConfiguration section */

/* Begin XCConfigurationList section */
		916164B62A80FEFF0094E348 /* Build configuration list for PBXProject "MainActor" */ = {
			isa = XCConfigurationList;
			buildConfigurations = (
				916164E62A80FF000094E348 /* Debug */,
				916164E72A80FF000094E348 /* Release */,
			);
			defaultConfigurationIsVisible = 0;
			defaultConfigurationName = Release;
		};
		916164E82A80FF000094E348 /* Build configuration list for PBXNativeTarget "MainActor" */ = {
			isa = XCConfigurationList;
			buildConfigurations = (
				916164E92A80FF000094E348 /* Debug */,
				916164EA2A80FF000094E348 /* Release */,
			);
			defaultConfigurationIsVisible = 0;
			defaultConfigurationName = Release;
		};
		916164EB2A80FF000094E348 /* Build configuration list for PBXNativeTarget "MainActorTests" */ = {
			isa = XCConfigurationList;
			buildConfigurations = (
				916164EC2A80FF000094E348 /* Debug */,
				916164ED2A80FF000094E348 /* Release */,
			);
			defaultConfigurationIsVisible = 0;
			defaultConfigurationName = Release;
		};
		916164EE2A80FF000094E348 /* Build configuration list for PBXNativeTarget "MainActorUITests" */ = {
			isa = XCConfigurationList;
			buildConfigurations = (
				916164EF2A80FF000094E348 /* Debug */,
				916164F02A80FF000094E348 /* Release */,
			);
			defaultConfigurationIsVisible = 0;
			defaultConfigurationName = Release;
		};
/* End XCConfigurationList section */

/* Begin XCVersionGroup section */
		916164C72A80FEFF0094E348 /* MainActor.xcdatamodeld */ = {
			isa = XCVersionGroup;
			children = (
				916164C82A80FEFF0094E348 /* MainActor.xcdatamodel */,
			);
			currentVersion = 916164C82A80FEFF0094E348 /* MainActor.xcdatamodel */;
			path = MainActor.xcdatamodeld;
			sourceTree = "<group>";
			versionGroupType = wrapper.xcdatamodel;
		};
/* End XCVersionGroup section */
	};
	rootObject = 916164B32A80FEFF0094E348 /* Project object */;
}
